
Microsoft Visual Studio Solution File, Format Version 12.00
# Visual Studio Version 17
VisualStudioVersion = 17.3.32825.248
MinimumVisualStudioVersion = 10.0.40219.1
Project("{FAE04EC0-301F-11D3-BF4B-00C04F79EFBC}") = "«Surname_Group_Course_project", "«Surname_Group_Course_project\«Surname_Group_Course_project.csproj", "{1F65EC71-77FF-4D7F-8794-53E9B6B48B69}"
EndProject
Global
	GlobalSection(SolutionConfigurationPlatforms) = preSolution
		Debug|Any CPU = Debug|Any CPU
		Release|Any CPU = Release|Any CPU
	EndGlobalSection
	GlobalSection(ProjectConfigurationPlatforms) = postSolution
		{1F65EC71-77FF-4D7F-8794-53E9B6B48B69}.Debug|Any CPU.ActiveCfg = Debug|Any CPU
		{1F65EC71-77FF-4D7F-8794-53E9B6B48B69}.Debug|Any CPU.Build.0 = Debug|Any CPU
		{1F65EC71-77FF-4D7F-8794-53E9B6B48B69}.Release|Any CPU.ActiveCfg = Release|Any CPU
		{1F65EC71-77FF-4D7F-8794-53E9B6B48B69}.Release|Any CPU.Build.0 = Release|Any CPU
	EndGlobalSection
	GlobalSection(SolutionProperties) = preSolution
		HideSolutionNode = FALSE
	EndGlobalSection
	GlobalSection(ExtensibilityGlobals) = postSolution
		SolutionGuid = {81B2F6AA-7A51-4D9C-AF91-4C286F5C9BFC}
	EndGlobalSection
EndGlobal
